
Microsoft Visual Studio Solution File, Format Version 12.00
# Visual Studio Version 17
VisualStudioVersion = 17.6.33815.320
MinimumVisualStudioVersion = 10.0.40219.1
Project("{9A19103F-16F7-4668-BE54-9A1E7A4F7556}") = "ConsoleApp2", "ConsoleApp2.csproj", "{0F347689-5AC5-441D-B9C1-BADFF7833154}"
EndProject
Project("{9A19103F-16F7-4668-BE54-9A1E7A4F7556}") = "Tracer", "..\Tracer\Tracer.csproj", "{DCB4A032-C3CC-40BE-84DA-017314EA6B57}"
EndProject
Global
	GlobalSection(SolutionConfigurationPlatforms) = preSolution
		Debug|Any CPU = Debug|Any CPU
		Release|Any CPU = Release|Any CPU
	EndGlobalSection
	GlobalSection(ProjectConfigurationPlatforms) = postSolution
		{0F347689-5AC5-441D-B9C1-BADFF7833154}.Debug|Any CPU.ActiveCfg = Debug|Any CPU
		{0F347689-5AC5-441D-B9C1-BADFF7833154}.Debug|Any CPU.Build.0 = Debug|Any CPU
		{0F347689-5AC5-441D-B9C1-BADFF7833154}.Release|Any CPU.ActiveCfg = Release|Any CPU
		{0F347689-5AC5-441D-B9C1-BADFF7833154}.Release|Any CPU.Build.0 = Release|Any CPU
		{DCB4A032-C3CC-40BE-84DA-017314EA6B57}.Debug|Any CPU.ActiveCfg = Debug|Any CPU
		{DCB4A032-C3CC-40BE-84DA-017314EA6B57}.Debug|Any CPU.Build.0 = Debug|Any CPU
		{DCB4A032-C3CC-40BE-84DA-017314EA6B57}.Release|Any CPU.ActiveCfg = Release|Any CPU
		{DCB4A032-C3CC-40BE-84DA-017314EA6B57}.Release|Any CPU.Build.0 = Release|Any CPU
	EndGlobalSection
	GlobalSection(SolutionProperties) = preSolution
		HideSolutionNode = FALSE
	EndGlobalSection
	GlobalSection(ExtensibilityGlobals) = postSolution
		SolutionGuid = {C93BE1BF-7D0C-4E94-B54B-417871FF133C}
	EndGlobalSection
EndGlobal
